
Microsoft Visual Studio Solution File, Format Version 12.00
Project("{FAE04EC0-301F-11D3-BF4B-00C04F79EFBC}") = "APIDesign", "APIDesign.csproj", "{5407F4F9-50CB-43EF-984E-4F2882BC2396}"
EndProject
Global
	GlobalSection(SolutionConfigurationPlatforms) = preSolution
		Debug|Any CPU = Debug|Any CPU
		Release|Any CPU = Release|Any CPU
	EndGlobalSection
	GlobalSection(ProjectConfigurationPlatforms) = postSolution
		{5407F4F9-50CB-43EF-984E-4F2882BC2396}.Debug|Any CPU.ActiveCfg = Debug|Any CPU
		{5407F4F9-50CB-43EF-984E-4F2882BC2396}.Debug|Any CPU.Build.0 = Debug|Any CPU
		{5407F4F9-50CB-43EF-984E-4F2882BC2396}.Release|Any CPU.ActiveCfg = Release|Any CPU
		{5407F4F9-50CB-43EF-984E-4F2882BC2396}.Release|Any CPU.Build.0 = Release|Any CPU
	EndGlobalSection
EndGlobal
